
Microsoft Visual Studio Solution File, Format Version 12.00
# Visual Studio 15
VisualStudioVersion = 15.0.27130.2010
MinimumVisualStudioVersion = 10.0.40219.1
Project("{FAE04EC0-301F-11D3-BF4B-00C04F79EFBC}") = "SQLInjectionvuln", "SQLInjectionvuln\SQLInjectionvuln.csproj", "{C7F5DE59-95F3-44CB-8AF0-9336BC2084A1}"
EndProject
Global
	GlobalSection(SolutionConfigurationPlatforms) = preSolution
		Debug|Any CPU = Debug|Any CPU
		Release|Any CPU = Release|Any CPU
	EndGlobalSection
	GlobalSection(ProjectConfigurationPlatforms) = postSolution
		{C7F5DE59-95F3-44CB-8AF0-9336BC2084A1}.Debug|Any CPU.ActiveCfg = Debug|Any CPU
		{C7F5DE59-95F3-44CB-8AF0-9336BC2084A1}.Debug|Any CPU.Build.0 = Debug|Any CPU
		{C7F5DE59-95F3-44CB-8AF0-9336BC2084A1}.Release|Any CPU.ActiveCfg = Release|Any CPU
		{C7F5DE59-95F3-44CB-8AF0-9336BC2084A1}.Release|Any CPU.Build.0 = Release|Any CPU
	EndGlobalSection
	GlobalSection(SolutionProperties) = preSolution
		HideSolutionNode = FALSE
	EndGlobalSection
	GlobalSection(ExtensibilityGlobals) = postSolution
		SolutionGuid = {BC38A797-C712-4D49-A830-0A11150EB8EF}
	EndGlobalSection
EndGlobal
